{
  "nodes": {
    "nixpkgs": {
      "locked": {
        "lastModified": 1714468088,
        "narHash": "sha256-F3gc38P2TB4NxdJSiC5wzJQrXR91WF2Qt9ZLnBcW9Co=",
        "owner": "nixos",
        "repo": "nixpkgs",
        "rev": "d9887d398d1d2043fdd95a14de04c8942a7c13a4",
        "type": "github"
      },
      "original": {
        "owner": "nixos",
        "ref": "release-23.11",
        "repo": "nixpkgs",
        "type": "github"
      }
    },
    "root": {
      "inputs": {
        "nixpkgs": "nixpkgs"
      }
    }
  },
  "root": "root",
  "version": 7
}
